
Microsoft Visual Studio Solution File, Format Version 12.00
# Visual Studio Version 16
VisualStudioVersion = 16.0.30114.105
MinimumVisualStudioVersion = 10.0.40219.1
Project("{2150E333-8FDC-42A3-9474-1A3956D46DE8}") = "src", "src", "{AB05CE54-17FA-472B-BF9A-96A3E470C0C6}"
EndProject
Project("{FAE04EC0-301F-11D3-BF4B-00C04F79EFBC}") = "heitech.nydy", "src\heitech.nydy\heitech.nydy.csproj", "{5E5A45B8-2715-48EE-94BE-25E03E330B8E}"
EndProject
Project("{2150E333-8FDC-42A3-9474-1A3956D46DE8}") = "test", "test", "{371D1E55-23B4-474F-9B3B-380FD61BF8E0}"
EndProject
Project("{FAE04EC0-301F-11D3-BF4B-00C04F79EFBC}") = "heitech.nydy.Tests", "test\heitech.nydy.Tests\heitech.nydy.Tests.csproj", "{332CCB32-D9F3-4F12-A3E2-75439B5E704D}"
EndProject
Global
	GlobalSection(SolutionConfigurationPlatforms) = preSolution
		Debug|Any CPU = Debug|Any CPU
		Release|Any CPU = Release|Any CPU
	EndGlobalSection
	GlobalSection(SolutionProperties) = preSolution
		HideSolutionNode = FALSE
	EndGlobalSection
	GlobalSection(ProjectConfigurationPlatforms) = postSolution
		{5E5A45B8-2715-48EE-94BE-25E03E330B8E}.Debug|Any CPU.ActiveCfg = Debug|Any CPU
		{5E5A45B8-2715-48EE-94BE-25E03E330B8E}.Debug|Any CPU.Build.0 = Debug|Any CPU
		{5E5A45B8-2715-48EE-94BE-25E03E330B8E}.Release|Any CPU.ActiveCfg = Release|Any CPU
		{5E5A45B8-2715-48EE-94BE-25E03E330B8E}.Release|Any CPU.Build.0 = Release|Any CPU
		{332CCB32-D9F3-4F12-A3E2-75439B5E704D}.Debug|Any CPU.ActiveCfg = Debug|Any CPU
		{332CCB32-D9F3-4F12-A3E2-75439B5E704D}.Debug|Any CPU.Build.0 = Debug|Any CPU
		{332CCB32-D9F3-4F12-A3E2-75439B5E704D}.Release|Any CPU.ActiveCfg = Release|Any CPU
		{332CCB32-D9F3-4F12-A3E2-75439B5E704D}.Release|Any CPU.Build.0 = Release|Any CPU
	EndGlobalSection
	GlobalSection(NestedProjects) = preSolution
		{5E5A45B8-2715-48EE-94BE-25E03E330B8E} = {AB05CE54-17FA-472B-BF9A-96A3E470C0C6}
		{332CCB32-D9F3-4F12-A3E2-75439B5E704D} = {371D1E55-23B4-474F-9B3B-380FD61BF8E0}
	EndGlobalSection
EndGlobal
